lockfileVersion: '9.0'

settings:
  autoInstallPeers: true
  excludeLinksFromLockfile: false

importers:

  .:
    devDependencies:
      '@types/node':
        specifier: ^22.10.0
        version: 22.19.19
      turbo:
        specifier: ^2.5.0
        version: 2.9.16
      typescript:
        specifier: ^5.7.0
        version: 5.9.3

  packages/core:
    dependencies:
      '@roam/db':
        specifier: workspace:*
        version: link:../db
    devDependencies:
      typescript:
        specifier: ^5.7.0
        version: 5.9.3

  packages/db:
    dependencies:
      '@supabase/supabase-js':
        specifier: ^2.47.0
        version: 2.106.2
    devDependencies:
      typescript:
        specifier: ^5.7.0
        version: 5.9.3

packages:

  '@supabase/auth-js@2.106.2':
    resolution: {integrity: sha512-VcAjUErkHkhC5Jaf+g/G1qbkQrFh8edaCdHa7pxJmHUjkWKjT7UnYCtPA89XV0N0GIYRkEqJZw5V62CtOxTmBQ==}
    engines: {node: '>=20.0.0'}

  '@supabase/functions-js@2.106.2':
    resolution: {integrity: sha512-oRnr0QrL8H+zTO1YyQ1QjiHZU/957jvubbxSJTUm2XLAgzoGGV9Tahfyd+uvLsBLRVmXLtpU3oyCjdQIvkGMOA==}
    engines: {node: '>=20.0.0'}

  '@supabase/phoenix@0.4.2':
    resolution: {integrity: sha512-YSAGnmDAfuleFCVt3CeurQZAhxRfXWeZIIkwp7NhYzQ1UwW6ePSnzsFAiUm/mbCkfoCf70QQHKW/K6RKh52a4A==}

  '@supabase/postgrest-js@2.106.2':
    resolution: {integrity: sha512-tDOzyPgp9pIRMR2x6C9+uDSJrnXSzxLtt3d7nC+Lrsy3jnJDHYfdQC/xcRyhJE/TOBJ0heSqRKR3UmejDjZxsw==}
    engines: {node: '>=20.0.0'}

  '@supabase/realtime-js@2.106.2':
    resolution: {integrity: sha512-LdRGT7DNhyZkPjubUv5bSdAZ0jSEX8wTHvx7htj7+K59TOZRvz4TuQK7tL2RWxyIZVeFMRluL04SzWS61rKnUA==}
    engines: {node: '>=20.0.0'}

  '@supabase/storage-js@2.106.2':
    resolution: {integrity: sha512-xgKCSYuev1YarV+iVqr+zlfgSyremnJtn8T0NCT8L4XmMv1CLtESc0Q6kNp8+mKWdX/8ND0nzm7OMKx08kwNAw==}
    engines: {node: '>=20.0.0'}

  '@supabase/supabase-js@2.106.2':
    resolution: {integrity: sha512-2/RZ/1fmJx/MRSEDG2Xk8+J4JVk5clM9V0uSI6kUTrcS32KA89DtqI5RUOC9r6mzY3WBC9qexLjssIHjbLyVJA==}
    engines: {node: '>=20.0.0'}

  '@turbo/darwin-64@2.9.16':
    resolution: {integrity: sha512-jLjApWTSNd7JZ5JaLYfelW1ytnGQOvB7ivl+2RD1xQvJTbi8I9gBjzcga7tDZVPyaxpl10YTfJt3BrYXR18KDw==}
    cpu: [x64]
    os: [darwin]

  '@turbo/darwin-arm64@2.9.16':
    resolution: {integrity: sha512-YPgrn+5HIGzrx0O2a631SV4MBQUe4W/DafMFUuBVgaU32PW9/OTT0ehviF0QSxTXuRJlHvW2eUTemddF5/spmw==}
    cpu: [arm64]
    os: [darwin]

  '@turbo/linux-64@2.9.16':
    resolution: {integrity: sha512-vAEf1H6l26lTpl9FJ/peQo1NUB8RC0sbEJJz5mPcUhHA2bPDup2x3CZPgo/bH8S4cUcBLm4FN3UHd5iUO2RAew==}
    cpu: [x64]
    os: [linux]

  '@turbo/linux-arm64@2.9.16':
    resolution: {integrity: sha512-xDBLR2PZg4BrQOchfG6svgpv5FCNJ2TOtT2psLdEJcdKo1BH+pnPs9Xj6pvUjgfkHbuvBOfeE4R6tvxMoQKDHQ==}
    cpu: [arm64]
    os: [linux]

  '@turbo/windows-64@2.9.16':
    resolution: {integrity: sha512-NBAJnaUiGdgkSzQwUIdOvkCkcpTSu58G/sBGa0mvBtzfvFOOgrQwepKOOQ8cp6sWM6OcKDNFj2p1dsZA1OWjPg==}
    cpu: [x64]
    os: [win32]

  '@turbo/windows-arm64@2.9.16':
    resolution: {integrity: sha512-Y7SJppD0Z8wjO3Ec0ZGd9KQ4Yv0BMnA8CIowj5Vp+OEVsosXDG2weK6/t1RRLfJmc2Ozrnd6y4DOgQys+mn3WQ==}
    cpu: [arm64]
    os: [win32]

  '@types/node@22.19.19':
    resolution: {integrity: sha512-dyh/xO2Fh5bYrfWaaqGrRQQGkNdmYw6AmaAUvYeUMNTWQtvb796ikLdmTchRmOlOiIJ1TDXfWgVx1QkUlQ6Hew==}

  iceberg-js@0.8.1:
    resolution: {integrity: sha512-1dhVQZXhcHje7798IVM+xoo/1ZdVfzOMIc8/rgVSijRK38EDqOJoGula9N/8ZI5RD8QTxNQtK/Gozpr+qUqRRA==}
    engines: {node: '>=20.0.0'}

  tslib@2.8.1:
    resolution: {integrity: sha512-oJFu94HQb+KVduSUQL7wnpmqnfmLsOA/nAh6b6EH0wCEoK0/mPeXU6c3wKDV83MkOuHPRHtSXKKU99IBazS/2w==}

  turbo@2.9.16:
    resolution: {integrity: sha512-NqgRQy6j6dPYcdSdv0q1g9QsZg7SWg87RERM8otw/1AtKU2yTFVClOM7cbwKzOonZr/Ek1blTBucw64L9H0Bwg==}
    hasBin: true

  typescript@5.9.3:
    resolution: {integrity: sha512-jl1vZzPDinLr9eUt3J/t7V6FgNEw9QjvBPdysz9KfQDD41fQrC2Y4vKQdiaUpFT4bXlb1RHhLpp8wtm6M5TgSw==}
    engines: {node: '>=14.17'}
    hasBin: true

  undici-types@6.21.0:
    resolution: {integrity: sha512-iwDZqg0QAGrg9Rav5H4n0M64c3mkR59cJ6wQp+7C4nI0gsmExaedaYLNO44eT4AtBBwjbTiGPMlt2Md0T9H9JQ==}

snapshots:

  '@supabase/auth-js@2.106.2':
    dependencies:
      tslib: 2.8.1

  '@supabase/functions-js@2.106.2':
    dependencies:
      tslib: 2.8.1

  '@supabase/phoenix@0.4.2': {}

  '@supabase/postgrest-js@2.106.2':
    dependencies:
      tslib: 2.8.1

  '@supabase/realtime-js@2.106.2':
    dependencies:
      '@supabase/phoenix': 0.4.2
      tslib: 2.8.1

  '@supabase/storage-js@2.106.2':
    dependencies:
      iceberg-js: 0.8.1
      tslib: 2.8.1

  '@supabase/supabase-js@2.106.2':
    dependencies:
      '@supabase/auth-js': 2.106.2
      '@supabase/functions-js': 2.106.2
      '@supabase/postgrest-js': 2.106.2
      '@supabase/realtime-js': 2.106.2
      '@supabase/storage-js': 2.106.2

  '@turbo/darwin-64@2.9.16':
    optional: true

  '@turbo/darwin-arm64@2.9.16':
    optional: true

  '@turbo/linux-64@2.9.16':
    optional: true

  '@turbo/linux-arm64@2.9.16':
    optional: true

  '@turbo/windows-64@2.9.16':
    optional: true

  '@turbo/windows-arm64@2.9.16':
    optional: true

  '@types/node@22.19.19':
    dependencies:
      undici-types: 6.21.0

  iceberg-js@0.8.1: {}

  tslib@2.8.1: {}

  turbo@2.9.16:
    optionalDependencies:
      '@turbo/darwin-64': 2.9.16
      '@turbo/darwin-arm64': 2.9.16
      '@turbo/linux-64': 2.9.16
      '@turbo/linux-arm64': 2.9.16
      '@turbo/windows-64': 2.9.16
      '@turbo/windows-arm64': 2.9.16

  typescript@5.9.3: {}

  undici-types@6.21.0: {}
